// !$*UTF8*$!
{
	archiveVersion = 1;
	classes = {
	};
	objectVersion = 50;
	objects = {

/* Begin PBXBuildFile section */
		159952248D00D28D05F16F79 /* Pods_githubTests.framework in Frameworks */ = {isa = PBXBuildFile; fileRef = F1E218943F4747248564BC4C /* Pods_githubTests.framework */; };
		4EEFF00BFE4A740EB49E1804 /* Pods_github.framework in Frameworks */ = {isa = PBXBuildFile; fileRef = 7729B5F5EC651FABF17F0CCA /* Pods_github.framework */; };
		BC507E8A2104F7AF0007E1FE /* AppDelegate.swift in Sources */ = {isa = PBXBuildFile; fileRef = BC507E892104F7AF0007E1FE /* AppDelegate.swift */; };
		BC507E8F2104F7AF0007E1FE /* Main.storyboard in Resources */ = {isa = PBXBuildFile; fileRef = BC507E8D2104F7AF0007E1FE /* Main.storyboard */; };
		BC507E912104F7B00007E1FE /* Assets.xcassets in Resources */ = {isa = PBXBuildFile; fileRef = BC507E902104F7B00007E1FE /* Assets.xcassets */; };
		BC507E942104F7B00007E1FE /* LaunchScreen.storyboard in Resources */ = {isa = PBXBuildFile; fileRef = BC507E922104F7B00007E1FE /* LaunchScreen.storyboard */; };
		BC507E9F2104F7B10007E1FE /* githubTests.swift in Sources */ = {isa = PBXBuildFile; fileRef = BC507E9E2104F7B10007E1FE /* githubTests.swift */; };
		BC507EAA2104F7B10007E1FE /* githubUITests.swift in Sources */ = {isa = PBXBuildFile; fileRef = BC507EA92104F7B10007E1FE /* githubUITests.swift */; };
		BC507EBD2104FA6A0007E1FE /* SearchViewController.swift in Sources */ = {isa = PBXBuildFile; fileRef = BC507EBC2104FA6A0007E1FE /* SearchViewController.swift */; };
		BC507EBF2104FBF70007E1FE /* Repository.swift in Sources */ = {isa = PBXBuildFile; fileRef = BC507EBE2104FBF70007E1FE /* Repository.swift */; };
		BC507EC12104FDEE0007E1FE /* Owner.swift in Sources */ = {isa = PBXBuildFile; fileRef = BC507EC02104FDEE0007E1FE /* Owner.swift */; };
		BC507EC32104FF920007E1FE /* RepositoryCell.swift in Sources */ = {isa = PBXBuildFile; fileRef = BC507EC22104FF920007E1FE /* RepositoryCell.swift */; };
		BC507EC5210509260007E1FE /* API.swift in Sources */ = {isa = PBXBuildFile; fileRef = BC507EC4210509260007E1FE /* API.swift */; };
		BC507EC921053DF60007E1FE /* RepositoryDetailViewController.swift in Sources */ = {isa = PBXBuildFile; fileRef = BC507EC821053DF60007E1FE /* RepositoryDetailViewController.swift */; };
		DB3C3BD4209CA119629BD14C /* Pods_githubUITests.framework in Frameworks */ = {isa = PBXBuildFile; fileRef = 43036760DD11D18F185BE216 /* Pods_githubUITests.framework */; };
/* End PBXBuildFile section */

/* Begin PBXContainerItemProxy section */
		BC507E9B2104F7B10007E1FE /* PBXContainerItemProxy */ = {
			isa = PBXContainerItemProxy;
			containerPortal = BC507E7E2104F7AF0007E1FE /* Project object */;
			proxyType = 1;
			remoteGlobalIDString = BC507E852104F7AF0007E1FE;
			remoteInfo = github;
		};
		BC507EA62104F7B10007E1FE /* PBXContainerItemProxy */ = {
			isa = PBXContainerItemProxy;
			containerPortal = BC507E7E2104F7AF0007E1FE /* Project object */;
			proxyType = 1;
			remoteGlobalIDString = BC507E852104F7AF0007E1FE;
			remoteInfo = github;
		};
/* End PBXContainerItemProxy section */

/* Begin PBXFileReference section */
		43036760DD11D18F185BE216 /* Pods_githubUITests.framework */ = {isa = PBXFileReference; explicitFileType = wrapper.framework; includeInIndex = 0; path = Pods_githubUITests.framework; sourceTree = BUILT_PRODUCTS_DIR; };
		68DACEFDFD6A1060EC171451 /* Pods-github.debug.xcconfig */ = {isa = PBXFileReference; includeInIndex = 1; lastKnownFileType = text.xcconfig; name = "Pods-github.debug.xcconfig"; path = "Pods/Target Support Files/Pods-github/Pods-github.debug.xcconfig"; sourceTree = "<group>"; };
		6B5E67615341277D4304AB28 /* Pods-githubUITests.release.xcconfig */ = {isa = PBXFileReference; includeInIndex = 1; lastKnownFileType = text.xcconfig; name = "Pods-githubUITests.release.xcconfig"; path = "Pods/Target Support Files/Pods-githubUITests/Pods-githubUITests.release.xcconfig"; sourceTree = "<group>"; };
		6E16AA16C2D15D46A8F54630 /* Pods-github.release.xcconfig */ = {isa = PBXFileReference; includeInIndex = 1; lastKnownFileType = text.xcconfig; name = "Pods-github.release.xcconfig"; path = "Pods/Target Support Files/Pods-github/Pods-github.release.xcconfig"; sourceTree = "<group>"; };
		71ABB31B3E9864FA628AE477 /* Pods-githubTests.debug.xcconfig */ = {isa = PBXFileReference; includeInIndex = 1; lastKnownFileType = text.xcconfig; name = "Pods-githubTests.debug.xcconfig"; path = "Pods/Target Support Files/Pods-githubTests/Pods-githubTests.debug.xcconfig"; sourceTree = "<group>"; };
		7691A293ABE189DC243A3815 /* Pods-githubUITests.debug.xcconfig */ = {isa = PBXFileReference; includeInIndex = 1; lastKnownFileType = text.xcconfig; name = "Pods-githubUITests.debug.xcconfig"; path = "Pods/Target Support Files/Pods-githubUITests/Pods-githubUITests.debug.xcconfig"; sourceTree = "<group>"; };
		7729B5F5EC651FABF17F0CCA /* Pods_github.framework */ = {isa = PBXFileReference; explicitFileType = wrapper.framework; includeInIndex = 0; path = Pods_github.framework; sourceTree = BUILT_PRODUCTS_DIR; };
		BC507E862104F7AF0007E1FE /* github.app */ = {isa = PBXFileReference; explicitFileType = wrapper.application; includeInIndex = 0; path = github.app; sourceTree = BUILT_PRODUCTS_DIR; };
		BC507E892104F7AF0007E1FE /* AppDelegate.swift */ = {isa = PBXFileReference; lastKnownFileType = sourcecode.swift; path = AppDelegate.swift; sourceTree = "<group>"; };
		BC507E8E2104F7AF0007E1FE /* Base */ = {isa = PBXFileReference; lastKnownFileType = file.storyboard; name = Base; path = Base.lproj/Main.storyboard; sourceTree = "<group>"; };
		BC507E902104F7B00007E1FE /* Assets.xcassets */ = {isa = PBXFileReference; lastKnownFileType = folder.assetcatalog; path = Assets.xcassets; sourceTree = "<group>"; };
		BC507E932104F7B00007E1FE /* Base */ = {isa = PBXFileReference; lastKnownFileType = file.storyboard; name = Base; path = Base.lproj/LaunchScreen.storyboard; sourceTree = "<group>"; };
		BC507E952104F7B00007E1FE /* Info.plist */ = {isa = PBXFileReference; lastKnownFileType = text.plist.xml; path = Info.plist; sourceTree = "<group>"; };
		BC507E9A2104F7B10007E1FE /* githubTests.xctest */ = {isa = PBXFileReference; explicitFileType = wrapper.cfbundle; includeInIndex = 0; path = githubTests.xctest; sourceTree = BUILT_PRODUCTS_DIR; };
		BC507E9E2104F7B10007E1FE /* githubTests.swift */ = {isa = PBXFileReference; lastKnownFileType = sourcecode.swift; path = githubTests.swift; sourceTree = "<group>"; };
		BC507EA02104F7B10007E1FE /* Info.plist */ = {isa = PBXFileReference; lastKnownFileType = text.plist.xml; path = Info.plist; sourceTree = "<group>"; };
		BC507EA52104F7B10007E1FE /* githubUITests.xctest */ = {isa = PBXFileReference; explicitFileType = wrapper.cfbundle; includeInIndex = 0; path = githubUITests.xctest; sourceTree = BUILT_PRODUCTS_DIR; };
		BC507EA92104F7B10007E1FE /* githubUITests.swift */ = {isa = PBXFileReference; lastKnownFileType = sourcecode.swift; path = githubUITests.swift; sourceTree = "<group>"; };
		BC507EAB2104F7B10007E1FE /* Info.plist */ = {isa = PBXFileReference; lastKnownFileType = text.plist.xml; path = Info.plist; sourceTree = "<group>"; };
		BC507EBC2104FA6A0007E1FE /* SearchViewController.swift */ = {isa = PBXFileReference; lastKnownFileType = sourcecode.swift; path = SearchViewController.swift; sourceTree = "<group>"; };
		BC507EBE2104FBF70007E1FE /* Repository.swift */ = {isa = PBXFileReference; lastKnownFileType = sourcecode.swift; path = Repository.swift; sourceTree = "<group>"; };
		BC507EC02104FDEE0007E1FE /* Owner.swift */ = {isa = PBXFileReference; lastKnownFileType = sourcecode.swift; path = Owner.swift; sourceTree = "<group>"; };
		BC507EC22104FF920007E1FE /* RepositoryCell.swift */ = {isa = PBXFileReference; lastKnownFileType = sourcecode.swift; path = RepositoryCell.swift; sourceTree = "<group>"; };
		BC507EC4210509260007E1FE /* API.swift */ = {isa = PBXFileReference; lastKnownFileType = sourcecode.swift; path = API.swift; sourceTree = "<group>"; };
		BC507EC821053DF60007E1FE /* RepositoryDetailViewController.swift */ = {isa = PBXFileReference; lastKnownFileType = sourcecode.swift; path = RepositoryDetailViewController.swift; sourceTree = "<group>"; };
		EAD8DAA412A7EE4A2E06A803 /* Pods-githubTests.release.xcconfig */ = {isa = PBXFileReference; includeInIndex = 1; lastKnownFileType = text.xcconfig; name = "Pods-githubTests.release.xcconfig"; path = "Pods/Target Support Files/Pods-githubTests/Pods-githubTests.release.xcconfig"; sourceTree = "<group>"; };
		F1E218943F4747248564BC4C /* Pods_githubTests.framework */ = {isa = PBXFileReference; explicitFileType = wrapper.framework; includeInIndex = 0; path = Pods_githubTests.framework; sourceTree = BUILT_PRODUCTS_DIR; };
/* End PBXFileReference section */

/* Begin PBXFrameworksBuildPhase section */
		BC507E832104F7AF0007E1FE /* Frameworks */ = {
			isa = PBXFrameworksBuildPhase;
			buildActionMask = 2147483647;
			files = (
				4EEFF00BFE4A740EB49E1804 /* Pods_github.framework in Frameworks */,
			);
			runOnlyForDeploymentPostprocessing = 0;
		};
		BC507E972104F7B10007E1FE /* Frameworks */ = {
			isa = PBXFrameworksBuildPhase;
			buildActionMask = 2147483647;
			files = (
				159952248D00D28D05F16F79 /* Pods_githubTests.framework in Frameworks */,
			);
			runOnlyForDeploymentPostprocessing = 0;
		};
		BC507EA22104F7B10007E1FE /* Frameworks */ = {
			isa = PBXFrameworksBuildPhase;
			buildActionMask = 2147483647;
			files = (
				DB3C3BD4209CA119629BD14C /* Pods_githubUITests.framework in Frameworks */,
			);
			runOnlyForDeploymentPostprocessing = 0;
		};
/* End PBXFrameworksBuildPhase section */

/* Begin PBXGroup section */
		097671A905512D4D2304EF3D /* Pods */ = {
			isa = PBXGroup;
			children = (
				68DACEFDFD6A1060EC171451 /* Pods-github.debug.xcconfig */,
				6E16AA16C2D15D46A8F54630 /* Pods-github.release.xcconfig */,
				71ABB31B3E9864FA628AE477 /* Pods-githubTests.debug.xcconfig */,
				EAD8DAA412A7EE4A2E06A803 /* Pods-githubTests.release.xcconfig */,
				7691A293ABE189DC243A3815 /* Pods-githubUITests.debug.xcconfig */,
				6B5E67615341277D4304AB28 /* Pods-githubUITests.release.xcconfig */,
			);
			name = Pods;
			sourceTree = "<group>";
		};
		2624F2C0C99DAD8E10E34600 /* Frameworks */ = {
			isa = PBXGroup;
			children = (
				7729B5F5EC651FABF17F0CCA /* Pods_github.framework */,
				F1E218943F4747248564BC4C /* Pods_githubTests.framework */,
				43036760DD11D18F185BE216 /* Pods_githubUITests.framework */,
			);
			name = Frameworks;
			sourceTree = "<group>";
		};
		BC507E7D2104F7AF0007E1FE = {
			isa = PBXGroup;
			children = (
				BC507E882104F7AF0007E1FE /* github */,
				BC507E9D2104F7B10007E1FE /* githubTests */,
				BC507EA82104F7B10007E1FE /* githubUITests */,
				BC507E872104F7AF0007E1FE /* Products */,
				097671A905512D4D2304EF3D /* Pods */,
				2624F2C0C99DAD8E10E34600 /* Frameworks */,
			);
			sourceTree = "<group>";
		};
		BC507E872104F7AF0007E1FE /* Products */ = {
			isa = PBXGroup;
			children = (
				BC507E862104F7AF0007E1FE /* github.app */,
				BC507E9A2104F7B10007E1FE /* githubTests.xctest */,
				BC507EA52104F7B10007E1FE /* githubUITests.xctest */,
			);
			name = Products;
			sourceTree = "<group>";
		};
		BC507E882104F7AF0007E1FE /* github */ = {
			isa = PBXGroup;
			children = (
				BC507EB72104FA120007E1FE /* Models */,
				BC507EB82104FA230007E1FE /* Views */,
				BC507EB92104FA2D0007E1FE /* ViewModels */,
				BC507E892104F7AF0007E1FE /* AppDelegate.swift */,
				BC507E8D2104F7AF0007E1FE /* Main.storyboard */,
				BC507E902104F7B00007E1FE /* Assets.xcassets */,
				BC507E922104F7B00007E1FE /* LaunchScreen.storyboard */,
				BC507E952104F7B00007E1FE /* Info.plist */,
				BC507EC4210509260007E1FE /* API.swift */,
			);
			path = github;
			sourceTree = "<group>";
		};
		BC507E9D2104F7B10007E1FE /* githubTests */ = {
			isa = PBXGroup;
			children = (
				BC507E9E2104F7B10007E1FE /* githubTests.swift */,
				BC507EA02104F7B10007E1FE /* Info.plist */,
			);
			path = githubTests;
			sourceTree = "<group>";
		};
		BC507EA82104F7B10007E1FE /* githubUITests */ = {
			isa = PBXGroup;
			children = (
				BC507EA92104F7B10007E1FE /* githubUITests.swift */,
				BC507EAB2104F7B10007E1FE /* Info.plist */,
			);
			path = githubUITests;
			sourceTree = "<group>";
		};
		BC507EB72104FA120007E1FE /* Models */ = {
			isa = PBXGroup;
			children = (
				BC507EBE2104FBF70007E1FE /* Repository.swift */,
				BC507EC02104FDEE0007E1FE /* Owner.swift */,
			);
			path = Models;
			sourceTree = "<group>";
		};
		BC507EB82104FA230007E1FE /* Views */ = {
			isa = PBXGroup;
			children = (
				BC507EBC2104FA6A0007E1FE /* SearchViewController.swift */,
				BC507EC22104FF920007E1FE /* RepositoryCell.swift */,
				BC507EC821053DF60007E1FE /* RepositoryDetailViewController.swift */,
			);
			path = Views;
			sourceTree = "<group>";
		};
		BC507EB92104FA2D0007E1FE /* ViewModels */ = {
			isa = PBXGroup;
			children = (
			);
			path = ViewModels;
			sourceTree = "<group>";
		};
/* End PBXGroup section */

/* Begin PBXNativeTarget section */
		BC507E852104F7AF0007E1FE /* github */ = {
			isa = PBXNativeTarget;
			buildConfigurationList = BC507EAE2104F7B10007E1FE /* Build configuration list for PBXNativeTarget "github" */;
			buildPhases = (
				3EE2A65D1518C8A398E7C4DB /* [CP] Check Pods Manifest.lock */,
				BC507E822104F7AF0007E1FE /* Sources */,
				BC507E832104F7AF0007E1FE /* Frameworks */,
				BC507E842104F7AF0007E1FE /* Resources */,
				BBE67243B4A289DB0B17D96E /* [CP] Embed Pods Frameworks */,
			);
			buildRules = (
			);
			dependencies = (
			);
			name = github;
			productName = github;
			productReference = BC507E862104F7AF0007E1FE /* github.app */;
			productType = "com.apple.product-type.application";
		};
		BC507E992104F7B10007E1FE /* githubTests */ = {
			isa = PBXNativeTarget;
			buildConfigurationList = BC507EB12104F7B10007E1FE /* Build configuration list for PBXNativeTarget "githubTests" */;
			buildPhases = (
				CA28A42776F66C826C60D654 /* [CP] Check Pods Manifest.lock */,
				BC507E962104F7B10007E1FE /* Sources */,
				BC507E972104F7B10007E1FE /* Frameworks */,
				BC507E982104F7B10007E1FE /* Resources */,
			);
			buildRules = (
			);
			dependencies = (
				BC507E9C2104F7B10007E1FE /* PBXTargetDependency */,
			);
			name = githubTests;
			productName = githubTests;
			productReference = BC507E9A2104F7B10007E1FE /* githubTests.xctest */;
			productType = "com.apple.product-type.bundle.unit-test";
		};
		BC507EA42104F7B10007E1FE /* githubUITests */ = {
			isa = PBXNativeTarget;
			buildConfigurationList = BC507EB42104F7B10007E1FE /* Build configuration list for PBXNativeTarget "githubUITests" */;
			buildPhases = (
				AD31E189BB390947208132B8 /* [CP] Check Pods Manifest.lock */,
				BC507EA12104F7B10007E1FE /* Sources */,
				BC507EA22104F7B10007E1FE /* Frameworks */,
				BC507EA32104F7B10007E1FE /* Resources */,
			);
			buildRules = (
			);
			dependencies = (
				BC507EA72104F7B10007E1FE /* PBXTargetDependency */,
			);
			name = githubUITests;
			productName = githubUITests;
			productReference = BC507EA52104F7B10007E1FE /* githubUITests.xctest */;
			productType = "com.apple.product-type.bundle.ui-testing";
		};
/* End PBXNativeTarget section */

/* Begin PBXProject section */
		BC507E7E2104F7AF0007E1FE /* Project object */ = {
			isa = PBXProject;
			attributes = {
				LastSwiftUpdateCheck = 0940;
				LastUpgradeCheck = 0940;
				ORGANIZATIONNAME = "Chung Tran";
				TargetAttributes = {
					BC507E852104F7AF0007E1FE = {
						CreatedOnToolsVersion = 9.4.1;
					};
					BC507E992104F7B10007E1FE = {
						CreatedOnToolsVersion = 9.4.1;
						TestTargetID = BC507E852104F7AF0007E1FE;
					};
					BC507EA42104F7B10007E1FE = {
						CreatedOnToolsVersion = 9.4.1;
						TestTargetID = BC507E852104F7AF0007E1FE;
					};
				};
			};
			buildConfigurationList = BC507E812104F7AF0007E1FE /* Build configuration list for PBXProject "github" */;
			compatibilityVersion = "Xcode 9.3";
			developmentRegion = en;
			hasScannedForEncodings = 0;
			knownRegions = (
				en,
				Base,
			);
			mainGroup = BC507E7D2104F7AF0007E1FE;
			productRefGroup = BC507E872104F7AF0007E1FE /* Products */;
			projectDirPath = "";
			projectRoot = "";
			targets = (
				BC507E852104F7AF0007E1FE /* github */,
				BC507E992104F7B10007E1FE /* githubTests */,
				BC507EA42104F7B10007E1FE /* githubUITests */,
			);
		};
/* End PBXProject section */

/* Begin PBXResourcesBuildPhase section */
		BC507E842104F7AF0007E1FE /* Resources */ = {
			isa = PBXResourcesBuildPhase;
			buildActionMask = 2147483647;
			files = (
				BC507E942104F7B00007E1FE /* LaunchScreen.storyboard in Resources */,
				BC507E912104F7B00007E1FE /* Assets.xcassets in Resources */,
				BC507E8F2104F7AF0007E1FE /* Main.storyboard in Resources */,
			);
			runOnlyForDeploymentPostprocessing = 0;
		};
		BC507E982104F7B10007E1FE /* Resources */ = {
			isa = PBXResourcesBuildPhase;
			buildActionMask = 2147483647;
			files = (
			);
			runOnlyForDeploymentPostprocessing = 0;
		};
		BC507EA32104F7B10007E1FE /* Resources */ = {
			isa = PBXResourcesBuildPhase;
			buildActionMask = 2147483647;
			files = (
			);
			runOnlyForDeploymentPostprocessing = 0;
		};
/* End PBXResourcesBuildPhase section */

/* Begin PBXShellScriptBuildPhase section */
		3EE2A65D1518C8A398E7C4DB /* [CP] Check Pods Manifest.lock */ = {
			isa = PBXShellScriptBuildPhase;
			buildActionMask = 2147483647;
			files = (
			);
			inputPaths = (
				"${PODS_PODFILE_DIR_PATH}/Podfile.lock",
				"${PODS_ROOT}/Manifest.lock",
			);
			name = "[CP] Check Pods Manifest.lock";
			outputPaths = (
				"$(DERIVED_FILE_DIR)/Pods-github-checkManifestLockResult.txt",
			);
			runOnlyForDeploymentPostprocessing = 0;
			shellPath = /bin/sh;
			shellScript = "diff \"${PODS_PODFILE_DIR_PATH}/Podfile.lock\" \"${PODS_ROOT}/Manifest.lock\" > /dev/null\nif [ $? != 0 ] ; then\n    # print error to STDERR\n    echo \"error: The sandbox is not in sync with the Podfile.lock. Run 'pod install' or update your CocoaPods installation.\" >&2\n    exit 1\nfi\n# This output is used by Xcode 'outputs' to avoid re-running this script phase.\necho \"SUCCESS\" > \"${SCRIPT_OUTPUT_FILE_0}\"\n";
			showEnvVarsInLog = 0;
		};
		AD31E189BB390947208132B8 /* [CP] Check Pods Manifest.lock */ = {
			isa = PBXShellScriptBuildPhase;
			buildActionMask = 2147483647;
			files = (
			);
			inputPaths = (
				"${PODS_PODFILE_DIR_PATH}/Podfile.lock",
				"${PODS_ROOT}/Manifest.lock",
			);
			name = "[CP] Check Pods Manifest.lock";
			outputPaths = (
				"$(DERIVED_FILE_DIR)/Pods-githubUITests-checkManifestLockResult.txt",
			);
			runOnlyForDeploymentPostprocessing = 0;
			shellPath = /bin/sh;
			shellScript = "diff \"${PODS_PODFILE_DIR_PATH}/Podfile.lock\" \"${PODS_ROOT}/Manifest.lock\" > /dev/null\nif [ $? != 0 ] ; then\n    # print error to STDERR\n    echo \"error: The sandbox is not in sync with the Podfile.lock. Run 'pod install' or update your CocoaPods installation.\" >&2\n    exit 1\nfi\n# This output is used by Xcode 'outputs' to avoid re-running this script phase.\necho \"SUCCESS\" > \"${SCRIPT_OUTPUT_FILE_0}\"\n";
			showEnvVarsInLog = 0;
		};
		BBE67243B4A289DB0B17D96E /* [CP] Embed Pods Frameworks */ = {
			isa = PBXShellScriptBuildPhase;
			buildActionMask = 2147483647;
			files = (
			);
			inputPaths = (
				"${SRCROOT}/Pods/Target Support Files/Pods-github/Pods-github-frameworks.sh",
				"${BUILT_PRODUCTS_DIR}/Alamofire/Alamofire.framework",
				"${BUILT_PRODUCTS_DIR}/DZNEmptyDataSet/DZNEmptyDataSet.framework",
				"${BUILT_PRODUCTS_DIR}/SDWebImage/SDWebImage.framework",
			);
			name = "[CP] Embed Pods Frameworks";
			outputPaths = (
				"${TARGET_BUILD_DIR}/${FRAMEWORKS_FOLDER_PATH}/Alamofire.framework",
				"${TARGET_BUILD_DIR}/${FRAMEWORKS_FOLDER_PATH}/DZNEmptyDataSet.framework",
				"${TARGET_BUILD_DIR}/${FRAMEWORKS_FOLDER_PATH}/SDWebImage.framework",
			);
			runOnlyForDeploymentPostprocessing = 0;
			shellPath = /bin/sh;
			shellScript = "\"${SRCROOT}/Pods/Target Support Files/Pods-github/Pods-github-frameworks.sh\"\n";
			showEnvVarsInLog = 0;
		};
		CA28A42776F66C826C60D654 /* [CP] Check Pods Manifest.lock */ = {
			isa = PBXShellScriptBuildPhase;
			buildActionMask = 2147483647;
			files = (
			);
			inputPaths = (
				"${PODS_PODFILE_DIR_PATH}/Podfile.lock",
				"${PODS_ROOT}/Manifest.lock",
			);
			name = "[CP] Check Pods Manifest.lock";
			outputPaths = (
				"$(DERIVED_FILE_DIR)/Pods-githubTests-checkManifestLockResult.txt",
			);
			runOnlyForDeploymentPostprocessing = 0;
			shellPath = /bin/sh;
			shellScript = "diff \"${PODS_PODFILE_DIR_PATH}/Podfile.lock\" \"${PODS_ROOT}/Manifest.lock\" > /dev/null\nif [ $? != 0 ] ; then\n    # print error to STDERR\n    echo \"error: The sandbox is not in sync with the Podfile.lock. Run 'pod install' or update your CocoaPods installation.\" >&2\n    exit 1\nfi\n# This output is used by Xcode 'outputs' to avoid re-running this script phase.\necho \"SUCCESS\" > \"${SCRIPT_OUTPUT_FILE_0}\"\n";
			showEnvVarsInLog = 0;
		};
/* End PBXShellScriptBuildPhase section */

/* Begin PBXSourcesBuildPhase section */
		BC507E822104F7AF0007E1FE /* Sources */ = {
			isa = PBXSourcesBuildPhase;
			buildActionMask = 2147483647;
			files = (
				BC507EC32104FF920007E1FE /* RepositoryCell.swift in Sources */,
				BC507EBD2104FA6A0007E1FE /* SearchViewController.swift in Sources */,
				BC507EC12104FDEE0007E1FE /* Owner.swift in Sources */,
				BC507E8A2104F7AF0007E1FE /* AppDelegate.swift in Sources */,
				BC507EC5210509260007E1FE /* API.swift in Sources */,
				BC507EC921053DF60007E1FE /* RepositoryDetailViewController.swift in Sources */,
				BC507EBF2104FBF70007E1FE /* Repository.swift in Sources */,
			);
			runOnlyForDeploymentPostprocessing = 0;
		};
		BC507E962104F7B10007E1FE /* Sources */ = {
			isa = PBXSourcesBuildPhase;
			buildActionMask = 2147483647;
			files = (
				BC507E9F2104F7B10007E1FE /* githubTests.swift in Sources */,
			);
			runOnlyForDeploymentPostprocessing = 0;
		};
		BC507EA12104F7B10007E1FE /* Sources */ = {
			isa = PBXSourcesBuildPhase;
			buildActionMask = 2147483647;
			files = (
				BC507EAA2104F7B10007E1FE /* githubUITests.swift in Sources */,
			);
			runOnlyForDeploymentPostprocessing = 0;
		};
/* End PBXSourcesBuildPhase section */

/* Begin PBXTargetDependency section */
		BC507E9C2104F7B10007E1FE /* PBXTargetDependency */ = {
			isa = PBXTargetDependency;
			target = BC507E852104F7AF0007E1FE /* github */;
			targetProxy = BC507E9B2104F7B10007E1FE /* PBXContainerItemProxy */;
		};
		BC507EA72104F7B10007E1FE /* PBXTargetDependency */ = {
			isa = PBXTargetDependency;
			target = BC507E852104F7AF0007E1FE /* github */;
			targetProxy = BC507EA62104F7B10007E1FE /* PBXContainerItemProxy */;
		};
/* End PBXTargetDependency section */

/* Begin PBXVariantGroup section */
		BC507E8D2104F7AF0007E1FE /* Main.storyboard */ = {
			isa = PBXVariantGroup;
			children = (
				BC507E8E2104F7AF0007E1FE /* Base */,
			);
			name = Main.storyboard;
			sourceTree = "<group>";
		};
		BC507E922104F7B00007E1FE /* LaunchScreen.storyboard */ = {
			isa = PBXVariantGroup;
			children = (
				BC507E932104F7B00007E1FE /* Base */,
			);
			name = LaunchScreen.storyboard;
			sourceTree = "<group>";
		};
/* End PBXVariantGroup section */

/* Begin XCBuildConfiguration section */
		BC507EAC2104F7B10007E1FE /* Debug */ = {
			isa = XCBuildConfiguration;
			buildSettings = {
				ALWAYS_SEARCH_USER_PATHS = NO;
				CLANG_ANALYZER_NONNULL = YES;
				CLANG_ANALYZER_NUMBER_OBJECT_CONVERSION = YES_AGGRESSIVE;
				CLANG_CXX_LANGUAGE_STANDARD = "gnu++14";
				CLANG_CXX_LIBRARY = "libc++";
				CLANG_ENABLE_MODULES = YES;
				CLANG_ENABLE_OBJC_ARC = YES;
				CLANG_ENABLE_OBJC_WEAK = YES;
				CLANG_WARN_BLOCK_CAPTURE_AUTORELEASING = YES;
				CLANG_WARN_BOOL_CONVERSION = YES;
				CLANG_WARN_COMMA = YES;
				CLANG_WARN_CONSTANT_CONVERSION = YES;
				CLANG_WARN_DEPRECATED_OBJC_IMPLEMENTATIONS = YES;
				CLANG_WARN_DIRECT_OBJC_ISA_USAGE = YES_ERROR;
				CLANG_WARN_DOCUMENTATION_COMMENTS = YES;
				CLANG_WARN_EMPTY_BODY = YES;
				CLANG_WARN_ENUM_CONVERSION = YES;
				CLANG_WARN_INFINITE_RECURSION = YES;
				CLANG_WARN_INT_CONVERSION = YES;
				CLANG_WARN_NON_LITERAL_NULL_CONVERSION = YES;
				CLANG_WARN_OBJC_IMPLICIT_RETAIN_SELF = YES;
				CLANG_WARN_OBJC_LITERAL_CONVERSION = YES;
				CLANG_WARN_OBJC_ROOT_CLASS = YES_ERROR;
				CLANG_WARN_RANGE_LOOP_ANALYSIS = YES;
				CLANG_WARN_STRICT_PROTOTYPES = YES;
				CLANG_WARN_SUSPICIOUS_MOVE = YES;
				CLANG_WARN_UNGUARDED_AVAILABILITY = YES_AGGRESSIVE;
				CLANG_WARN_UNREACHABLE_CODE = YES;
				CLANG_WARN__DUPLICATE_METHOD_MATCH = YES;
				CODE_SIGN_IDENTITY = "iPhone Developer";
				COPY_PHASE_STRIP = NO;
				DEBUG_INFORMATION_FORMAT = dwarf;
				ENABLE_STRICT_OBJC_MSGSEND = YES;
				ENABLE_TESTABILITY = YES;
				GCC_C_LANGUAGE_STANDARD = gnu11;
				GCC_DYNAMIC_NO_PIC = NO;
				GCC_NO_COMMON_BLOCKS = YES;
				GCC_OPTIMIZATION_LEVEL = 0;
				GCC_PREPROCESSOR_DEFINITIONS = (
					"DEBUG=1",
					"$(inherited)",
				);
				GCC_WARN_64_TO_32_BIT_CONVERSION = YES;
				GCC_WARN_ABOUT_RETURN_TYPE = YES_ERROR;
				GCC_WARN_UNDECLARED_SELECTOR = YES;
				GCC_WARN_UNINITIALIZED_AUTOS = YES_AGGRESSIVE;
				GCC_WARN_UNUSED_FUNCTION = YES;
				GCC_WARN_UNUSED_VARIABLE = YES;
				IPHONEOS_DEPLOYMENT_TARGET = 11.4;
				MTL_ENABLE_DEBUG_INFO = YES;
				ONLY_ACTIVE_ARCH = YES;
				SDKROOT = iphoneos;
				SWIFT_ACTIVE_COMPILATION_CONDITIONS = DEBUG;
				SWIFT_OPTIMIZATION_LEVEL = "-Onone";
			};
			name = Debug;
		};
		BC507EAD2104F7B10007E1FE /* Release */ = {
			isa = XCBuildConfiguration;
			buildSettings = {
				ALWAYS_SEARCH_USER_PATHS = NO;
				CLANG_ANALYZER_NONNULL = YES;
				CLANG_ANALYZER_NUMBER_OBJECT_CONVERSION = YES_AGGRESSIVE;
				CLANG_CXX_LANGUAGE_STANDARD = "gnu++14";
				CLANG_CXX_LIBRARY = "libc++";
				CLANG_ENABLE_MODULES = YES;
				CLANG_ENABLE_OBJC_ARC = YES;
				CLANG_ENABLE_OBJC_WEAK = YES;
				CLANG_WARN_BLOCK_CAPTURE_AUTORELEASING = YES;
				CLANG_WARN_BOOL_CONVERSION = YES;
				CLANG_WARN_COMMA = YES;
				CLANG_WARN_CONSTANT_CONVERSION = YES;
				CLANG_WARN_DEPRECATED_OBJC_IMPLEMENTATIONS = YES;
				CLANG_WARN_DIRECT_OBJC_ISA_USAGE = YES_ERROR;
				CLANG_WARN_DOCUMENTATION_COMMENTS = YES;
				CLANG_WARN_EMPTY_BODY = YES;
				CLANG_WARN_ENUM_CONVERSION = YES;
				CLANG_WARN_INFINITE_RECURSION = YES;
				CLANG_WARN_INT_CONVERSION = YES;
				CLANG_WARN_NON_LITERAL_NULL_CONVERSION = YES;
				CLANG_WARN_OBJC_IMPLICIT_RETAIN_SELF = YES;
				CLANG_WARN_OBJC_LITERAL_CONVERSION = YES;
				CLANG_WARN_OBJC_ROOT_CLASS = YES_ERROR;
				CLANG_WARN_RANGE_LOOP_ANALYSIS = YES;
				CLANG_WARN_STRICT_PROTOTYPES = YES;
				CLANG_WARN_SUSPICIOUS_MOVE = YES;
				CLANG_WARN_UNGUARDED_AVAILABILITY = YES_AGGRESSIVE;
				CLANG_WARN_UNREACHABLE_CODE = YES;
				CLANG_WARN__DUPLICATE_METHOD_MATCH = YES;
				CODE_SIGN_IDENTITY = "iPhone Developer";
				COPY_PHASE_STRIP = NO;
				DEBUG_INFORMATION_FORMAT = "dwarf-with-dsym";
				ENABLE_NS_ASSERTIONS = NO;
				ENABLE_STRICT_OBJC_MSGSEND = YES;
				GCC_C_LANGUAGE_STANDARD = gnu11;
				GCC_NO_COMMON_BLOCKS = YES;
				GCC_WARN_64_TO_32_BIT_CONVERSION = YES;
				GCC_WARN_ABOUT_RETURN_TYPE = YES_ERROR;
				GCC_WARN_UNDECLARED_SELECTOR = YES;
				GCC_WARN_UNINITIALIZED_AUTOS = YES_AGGRESSIVE;
				GCC_WARN_UNUSED_FUNCTION = YES;
				GCC_WARN_UNUSED_VARIABLE = YES;
				IPHONEOS_DEPLOYMENT_TARGET = 11.4;
				MTL_ENABLE_DEBUG_INFO = NO;
				SDKROOT = iphoneos;
				SWIFT_COMPILATION_MODE = wholemodule;
				SWIFT_OPTIMIZATION_LEVEL = "-O";
				VALIDATE_PRODUCT = YES;
			};
			name = Release;
		};
		BC507EAF2104F7B10007E1FE /* Debug */ = {
			isa = XCBuildConfiguration;
			baseConfigurationReference = 68DACEFDFD6A1060EC171451 /* Pods-github.debug.xcconfig */;
			buildSettings = {
				ASSETCATALOG_COMPILER_APPICON_NAME = AppIcon;
				CODE_SIGN_STYLE = Automatic;
				DEVELOPMENT_TEAM = QPW4XRTF2N;
				INFOPLIST_FILE = github/Info.plist;
				LD_RUNPATH_SEARCH_PATHS = (
					"$(inherited)",
					"@executable_path/Frameworks",
				);
				PRODUCT_BUNDLE_IDENTIFIER = "com.el-machine.github";
				PRODUCT_NAME = "$(TARGET_NAME)";
				SWIFT_VERSION = 4.0;
				TARGETED_DEVICE_FAMILY = "1,2";
			};
			name = Debug;
		};
		BC507EB02104F7B10007E1FE /* Release */ = {
			isa = XCBuildConfiguration;
			baseConfigurationReference = 6E16AA16C2D15D46A8F54630 /* Pods-github.release.xcconfig */;
			buildSettings = {
				ASSETCATALOG_COMPILER_APPICON_NAME = AppIcon;
				CODE_SIGN_STYLE = Automatic;
				DEVELOPMENT_TEAM = QPW4XRTF2N;
				INFOPLIST_FILE = github/Info.plist;
				LD_RUNPATH_SEARCH_PATHS = (
					"$(inherited)",
					"@executable_path/Frameworks",
				);
				PRODUCT_BUNDLE_IDENTIFIER = "com.el-machine.github";
				PRODUCT_NAME = "$(TARGET_NAME)";
				SWIFT_VERSION = 4.0;
				TARGETED_DEVICE_FAMILY = "1,2";
			};
			name = Release;
		};
		BC507EB22104F7B10007E1FE /* Debug */ = {
			isa = XCBuildConfiguration;
			baseConfigurationReference = 71ABB31B3E9864FA628AE477 /* Pods-githubTests.debug.xcconfig */;
			buildSettings = {
				ALWAYS_EMBED_SWIFT_STANDARD_LIBRARIES = YES;
				BUNDLE_LOADER = "$(TEST_HOST)";
				CODE_SIGN_STYLE = Automatic;
				INFOPLIST_FILE = githubTests/Info.plist;
				LD_RUNPATH_SEARCH_PATHS = (
					"$(inherited)",
					"@executable_path/Frameworks",
					"@loader_path/Frameworks",
				);
				PRODUCT_BUNDLE_IDENTIFIER = "com.el-machine.githubTests";
				PRODUCT_NAME = "$(TARGET_NAME)";
				SWIFT_VERSION = 4.0;
				TARGETED_DEVICE_FAMILY = "1,2";
				TEST_HOST = "$(BUILT_PRODUCTS_DIR)/github.app/github";
			};
			name = Debug;
		};
		BC507EB32104F7B10007E1FE /* Release */ = {
			isa = XCBuildConfiguration;
			baseConfigurationReference = EAD8DAA412A7EE4A2E06A803 /* Pods-githubTests.release.xcconfig */;
			buildSettings = {
				ALWAYS_EMBED_SWIFT_STANDARD_LIBRARIES = YES;
				BUNDLE_LOADER = "$(TEST_HOST)";
				CODE_SIGN_STYLE = Automatic;
				INFOPLIST_FILE = githubTests/Info.plist;
				LD_RUNPATH_SEARCH_PATHS = (
					"$(inherited)",
					"@executable_path/Frameworks",
					"@loader_path/Frameworks",
				);
				PRODUCT_BUNDLE_IDENTIFIER = "com.el-machine.githubTests";
				PRODUCT_NAME = "$(TARGET_NAME)";
				SWIFT_VERSION = 4.0;
				TARGETED_DEVICE_FAMILY = "1,2";
				TEST_HOST = "$(BUILT_PRODUCTS_DIR)/github.app/github";
			};
			name = Release;
		};
		BC507EB52104F7B10007E1FE /* Debug */ = {
			isa = XCBuildConfiguration;
			baseConfigurationReference = 7691A293ABE189DC243A3815 /* Pods-githubUITests.debug.xcconfig */;
			buildSettings = {
				ALWAYS_EMBED_SWIFT_STANDARD_LIBRARIES = YES;
				CODE_SIGN_STYLE = Automatic;
				INFOPLIST_FILE = githubUITests/Info.plist;
				LD_RUNPATH_SEARCH_PATHS = (
					"$(inherited)",
					"@executable_path/Frameworks",
					"@loader_path/Frameworks",
				);
				PRODUCT_BUNDLE_IDENTIFIER = "com.el-machine.githubUITests";
				PRODUCT_NAME = "$(TARGET_NAME)";
				SWIFT_VERSION = 4.0;
				TARGETED_DEVICE_FAMILY = "1,2";
				TEST_TARGET_NAME = github;
			};
			name = Debug;
		};
		BC507EB62104F7B10007E1FE /* Release */ = {
			isa = XCBuildConfiguration;
			baseConfigurationReference = 6B5E67615341277D4304AB28 /* Pods-githubUITests.release.xcconfig */;
			buildSettings = {
				ALWAYS_EMBED_SWIFT_STANDARD_LIBRARIES = YES;
				CODE_SIGN_STYLE = Automatic;
				INFOPLIST_FILE = githubUITests/Info.plist;
				LD_RUNPATH_SEARCH_PATHS = (
					"$(inherited)",
					"@executable_path/Frameworks",
					"@loader_path/Frameworks",
				);
				PRODUCT_BUNDLE_IDENTIFIER = "com.el-machine.githubUITests";
				PRODUCT_NAME = "$(TARGET_NAME)";
				SWIFT_VERSION = 4.0;
				TARGETED_DEVICE_FAMILY = "1,2";
				TEST_TARGET_NAME = github;
			};
			name = Release;
		};
/* End XCBuildConfiguration section */

/* Begin XCConfigurationList section */
		BC507E812104F7AF0007E1FE /* Build configuration list for PBXProject "github" */ = {
			isa = XCConfigurationList;
			buildConfigurations = (
				BC507EAC2104F7B10007E1FE /* Debug */,
				BC507EAD2104F7B10007E1FE /* Release */,
			);
			defaultConfigurationIsVisible = 0;
			defaultConfigurationName = Release;
		};
		BC507EAE2104F7B10007E1FE /* Build configuration list for PBXNativeTarget "github" */ = {
			isa = XCConfigurationList;
			buildConfigurations = (
				BC507EAF2104F7B10007E1FE /* Debug */,
				BC507EB02104F7B10007E1FE /* Release */,
			);
			defaultConfigurationIsVisible = 0;
			defaultConfigurationName = Release;
		};
		BC507EB12104F7B10007E1FE /* Build configuration list for PBXNativeTarget "githubTests" */ = {
			isa = XCConfigurationList;
			buildConfigurations = (
				BC507EB22104F7B10007E1FE /* Debug */,
				BC507EB32104F7B10007E1FE /* Release */,
			);
			defaultConfigurationIsVisible = 0;
			defaultConfigurationName = Release;
		};
		BC507EB42104F7B10007E1FE /* Build configuration list for PBXNativeTarget "githubUITests" */ = {
			isa = XCConfigurationList;
			buildConfigurations = (
				BC507EB52104F7B10007E1FE /* Debug */,
				BC507EB62104F7B10007E1FE /* Release */,
			);
			defaultConfigurationIsVisible = 0;
			defaultConfigurationName = Release;
		};
/* End XCConfigurationList section */
	};
	rootObject = BC507E7E2104F7AF0007E1FE /* Project object */;
}
